
Microsoft Visual Studio Solution File, Format Version 12.00
# Visual Studio Version 17
VisualStudioVersion = 17.8.34511.84
MinimumVisualStudioVersion = 10.0.40219.1
Project("{2150E333-8FDC-42A3-9474-1A3956D46DE8}") = "FrontEnd", "FrontEnd", "{5CC31241-78E1-416E-AFD7-C9FFD839028B}"
EndProject
Project("{2150E333-8FDC-42A3-9474-1A3956D46DE8}") = "GateWay", "GateWay", "{907A37C7-E7BE-4842-AD2B-A0B1A1DA6E05}"
EndProject
Project("{2150E333-8FDC-42A3-9474-1A3956D46DE8}") = "Integration", "Integration", "{13C12DCF-079B-4C90-B924-BA21AFAD547D}"
EndProject
Project("{2150E333-8FDC-42A3-9474-1A3956D46DE8}") = "Services", "Services", "{54018731-4269-4645-BB30-CB1DB651D033}"
EndProject
Project("{9A19103F-16F7-4668-BE54-9A1E7A4F7556}") = "Mango.Services.CouponAPI", "Mango.Services.CouponAPI\Mango.Services.CouponAPI.csproj", "{8413944C-2A6E-4183-BE1C-0FA31BE6C831}"
EndProject
Project("{9A19103F-16F7-4668-BE54-9A1E7A4F7556}") = "Mango.Web", "Mango.Web\Mango.Web.csproj", "{BE84225E-0E8D-47D6-9F4B-0A573B753777}"
EndProject
Project("{9A19103F-16F7-4668-BE54-9A1E7A4F7556}") = "Mango.Services.AuthAPI", "Mango.Services.AuthAPI\Mango.Services.AuthAPI.csproj", "{8C6E2D02-7E61-4E89-BD0F-ECA12244FBE9}"
EndProject
Project("{9A19103F-16F7-4668-BE54-9A1E7A4F7556}") = "Mango.Services.ProductAPI", "Mango.Services.ProductAPI\Mango.Services.ProductAPI.csproj", "{EF83BBCA-CF07-4AF6-8A4D-6D96AE23BCF9}"
EndProject
Project("{9A19103F-16F7-4668-BE54-9A1E7A4F7556}") = "Mango.Services.ShoppingCartAPI", "Mango.Services.ShoppingCartAPI\Mango.Services.ShoppingCartAPI.csproj", "{F8EC8213-7C7A-4258-B61E-E5297D645060}"
EndProject
Project("{FAE04EC0-301F-11D3-BF4B-00C04F79EFBC}") = "Mango.Services.OrderAPI", "Mango.Services.OrderAPI\Mango.Services.OrderAPI.csproj", "{960B5362-AD5C-4C86-B16A-D89686C65282}"
EndProject
Global
	GlobalSection(SolutionConfigurationPlatforms) = preSolution
		Debug|Any CPU = Debug|Any CPU
		Release|Any CPU = Release|Any CPU
	EndGlobalSection
	GlobalSection(ProjectConfigurationPlatforms) = postSolution
		{8413944C-2A6E-4183-BE1C-0FA31BE6C831}.Debug|Any CPU.ActiveCfg = Debug|Any CPU
		{8413944C-2A6E-4183-BE1C-0FA31BE6C831}.Debug|Any CPU.Build.0 = Debug|Any CPU
		{8413944C-2A6E-4183-BE1C-0FA31BE6C831}.Release|Any CPU.ActiveCfg = Release|Any CPU
		{8413944C-2A6E-4183-BE1C-0FA31BE6C831}.Release|Any CPU.Build.0 = Release|Any CPU
		{BE84225E-0E8D-47D6-9F4B-0A573B753777}.Debug|Any CPU.ActiveCfg = Debug|Any CPU
		{BE84225E-0E8D-47D6-9F4B-0A573B753777}.Debug|Any CPU.Build.0 = Debug|Any CPU
		{BE84225E-0E8D-47D6-9F4B-0A573B753777}.Release|Any CPU.ActiveCfg = Release|Any CPU
		{BE84225E-0E8D-47D6-9F4B-0A573B753777}.Release|Any CPU.Build.0 = Release|Any CPU
		{8C6E2D02-7E61-4E89-BD0F-ECA12244FBE9}.Debug|Any CPU.ActiveCfg = Debug|Any CPU
		{8C6E2D02-7E61-4E89-BD0F-ECA12244FBE9}.Debug|Any CPU.Build.0 = Debug|Any CPU
		{8C6E2D02-7E61-4E89-BD0F-ECA12244FBE9}.Release|Any CPU.ActiveCfg = Release|Any CPU
		{8C6E2D02-7E61-4E89-BD0F-ECA12244FBE9}.Release|Any CPU.Build.0 = Release|Any CPU
		{EF83BBCA-CF07-4AF6-8A4D-6D96AE23BCF9}.Debug|Any CPU.ActiveCfg = Debug|Any CPU
		{EF83BBCA-CF07-4AF6-8A4D-6D96AE23BCF9}.Debug|Any CPU.Build.0 = Debug|Any CPU
		{EF83BBCA-CF07-4AF6-8A4D-6D96AE23BCF9}.Release|Any CPU.ActiveCfg = Release|Any CPU
		{EF83BBCA-CF07-4AF6-8A4D-6D96AE23BCF9}.Release|Any CPU.Build.0 = Release|Any CPU
		{F8EC8213-7C7A-4258-B61E-E5297D645060}.Debug|Any CPU.ActiveCfg = Debug|Any CPU
		{F8EC8213-7C7A-4258-B61E-E5297D645060}.Debug|Any CPU.Build.0 = Debug|Any CPU
		{F8EC8213-7C7A-4258-B61E-E5297D645060}.Release|Any CPU.ActiveCfg = Release|Any CPU
		{F8EC8213-7C7A-4258-B61E-E5297D645060}.Release|Any CPU.Build.0 = Release|Any CPU
		{960B5362-AD5C-4C86-B16A-D89686C65282}.Debug|Any CPU.ActiveCfg = Debug|Any CPU
		{960B5362-AD5C-4C86-B16A-D89686C65282}.Debug|Any CPU.Build.0 = Debug|Any CPU
		{960B5362-AD5C-4C86-B16A-D89686C65282}.Release|Any CPU.ActiveCfg = Release|Any CPU
		{960B5362-AD5C-4C86-B16A-D89686C65282}.Release|Any CPU.Build.0 = Release|Any CPU
	EndGlobalSection
	GlobalSection(SolutionProperties) = preSolution
		HideSolutionNode = FALSE
	EndGlobalSection
	GlobalSection(NestedProjects) = preSolution
		{8413944C-2A6E-4183-BE1C-0FA31BE6C831} = {54018731-4269-4645-BB30-CB1DB651D033}
		{BE84225E-0E8D-47D6-9F4B-0A573B753777} = {5CC31241-78E1-416E-AFD7-C9FFD839028B}
		{8C6E2D02-7E61-4E89-BD0F-ECA12244FBE9} = {54018731-4269-4645-BB30-CB1DB651D033}
		{EF83BBCA-CF07-4AF6-8A4D-6D96AE23BCF9} = {54018731-4269-4645-BB30-CB1DB651D033}
		{F8EC8213-7C7A-4258-B61E-E5297D645060} = {54018731-4269-4645-BB30-CB1DB651D033}
		{960B5362-AD5C-4C86-B16A-D89686C65282} = {54018731-4269-4645-BB30-CB1DB651D033}
	EndGlobalSection
	GlobalSection(ExtensibilityGlobals) = postSolution
		SolutionGuid = {A5977F36-7019-4AC7-B790-C647A37D9D70}
	EndGlobalSection
EndGlobal
